
Microsoft Visual Studio Solution File, Format Version 12.00
# Visual Studio Version 17
VisualStudioVersion = 17.5.002.0
MinimumVisualStudioVersion = 10.0.40219.1
Project("{9A19103F-16F7-4668-BE54-9A1E7A4F7556}") = "Kalkulator_PuteriCitraDewi", "Kalkulator_PuteriCitraDewi.csproj", "{23913BA0-8B15-47F7-9BBA-BA9FF1F91C32}"
EndProject
Global
	GlobalSection(SolutionConfigurationPlatforms) = preSolution
		Debug|Any CPU = Debug|Any CPU
		Release|Any CPU = Release|Any CPU
	EndGlobalSection
	GlobalSection(ProjectConfigurationPlatforms) = postSolution
		{23913BA0-8B15-47F7-9BBA-BA9FF1F91C32}.Debug|Any CPU.ActiveCfg = Debug|Any CPU
		{23913BA0-8B15-47F7-9BBA-BA9FF1F91C32}.Debug|Any CPU.Build.0 = Debug|Any CPU
		{23913BA0-8B15-47F7-9BBA-BA9FF1F91C32}.Release|Any CPU.ActiveCfg = Release|Any CPU
		{23913BA0-8B15-47F7-9BBA-BA9FF1F91C32}.Release|Any CPU.Build.0 = Release|Any CPU
	EndGlobalSection
	GlobalSection(SolutionProperties) = preSolution
		HideSolutionNode = FALSE
	EndGlobalSection
	GlobalSection(ExtensibilityGlobals) = postSolution
		SolutionGuid = {C054DD31-5855-4687-BC1D-AC3F9F21238D}
	EndGlobalSection
EndGlobal
